
Microsoft Visual Studio Solution File, Format Version 12.00
# Visual Studio Version 17
VisualStudioVersion = 17.6.33712.159
MinimumVisualStudioVersion = 10.0.40219.1
Project("{FAE04EC0-301F-11D3-BF4B-00C04F79EFBC}") = "TAsk_18_PolessUP", "TAsk_18_PolessUP\TAsk_18_PolessUP.csproj", "{B1E35446-810E-40F5-BA7F-ED1E2750969A}"
EndProject
Global
	GlobalSection(SolutionConfigurationPlatforms) = preSolution
		Debug|Any CPU = Debug|Any CPU
		Release|Any CPU = Release|Any CPU
	EndGlobalSection
	GlobalSection(ProjectConfigurationPlatforms) = postSolution
		{B1E35446-810E-40F5-BA7F-ED1E2750969A}.Debug|Any CPU.ActiveCfg = Debug|Any CPU
		{B1E35446-810E-40F5-BA7F-ED1E2750969A}.Debug|Any CPU.Build.0 = Debug|Any CPU
		{B1E35446-810E-40F5-BA7F-ED1E2750969A}.Release|Any CPU.ActiveCfg = Release|Any CPU
		{B1E35446-810E-40F5-BA7F-ED1E2750969A}.Release|Any CPU.Build.0 = Release|Any CPU
	EndGlobalSection
	GlobalSection(SolutionProperties) = preSolution
		HideSolutionNode = FALSE
	EndGlobalSection
	GlobalSection(ExtensibilityGlobals) = postSolution
		SolutionGuid = {E5A59B87-238A-49EF-831F-034AA6D6702E}
	EndGlobalSection
EndGlobal
